
Microsoft Visual Studio Solution File, Format Version 12.00
# Visual Studio Version 17
VisualStudioVersion = 17.3.32825.248
MinimumVisualStudioVersion = 10.0.40219.1
Project("{FAE04EC0-301F-11D3-BF4B-00C04F79EFBC}") = "Week8EpicGame", "Week8EpicGame\Week8EpicGame.csproj", "{21F0B0DC-D540-4B16-B0EB-DDAD56FF09EF}"
EndProject
Global
	GlobalSection(SolutionConfigurationPlatforms) = preSolution
		Debug|Any CPU = Debug|Any CPU
		Release|Any CPU = Release|Any CPU
	EndGlobalSection
	GlobalSection(ProjectConfigurationPlatforms) = postSolution
		{21F0B0DC-D540-4B16-B0EB-DDAD56FF09EF}.Debug|Any CPU.ActiveCfg = Debug|Any CPU
		{21F0B0DC-D540-4B16-B0EB-DDAD56FF09EF}.Debug|Any CPU.Build.0 = Debug|Any CPU
		{21F0B0DC-D540-4B16-B0EB-DDAD56FF09EF}.Release|Any CPU.ActiveCfg = Release|Any CPU
		{21F0B0DC-D540-4B16-B0EB-DDAD56FF09EF}.Release|Any CPU.Build.0 = Release|Any CPU
	EndGlobalSection
	GlobalSection(SolutionProperties) = preSolution
		HideSolutionNode = FALSE
	EndGlobalSection
	GlobalSection(ExtensibilityGlobals) = postSolution
		SolutionGuid = {1D24C8F5-90D6-4C1B-9686-09B61A27E7F7}
	EndGlobalSection
EndGlobal
